
Microsoft Visual Studio Solution File, Format Version 12.00
# Visual Studio Version 16
VisualStudioVersion = 16.0.31729.503
MinimumVisualStudioVersion = 10.0.40219.1
Project("{9A19103F-16F7-4668-BE54-9A1E7A4F7556}") = "TaskA", "TaskA\TaskA.csproj", "{A90A5B29-D3A6-476E-8055-87D7E24CB166}"
EndProject
Project("{9A19103F-16F7-4668-BE54-9A1E7A4F7556}") = "TaskB", "TaskB\TaskB.csproj", "{08F89F27-2FBC-4733-BB52-E5F5E65B1F84}"
EndProject
Project("{9A19103F-16F7-4668-BE54-9A1E7A4F7556}") = "TaskC", "TaskC\TaskC.csproj", "{043BEF00-531A-48DA-9BAD-0928B596D9AF}"
EndProject
Project("{9A19103F-16F7-4668-BE54-9A1E7A4F7556}") = "TaskD", "TaskD\TaskD.csproj", "{11B0CDE1-0D58-42AF-966F-40E0E9B9FA92}"
EndProject
Project("{9A19103F-16F7-4668-BE54-9A1E7A4F7556}") = "TaskE", "TaskE\TaskE.csproj", "{9B24CC92-FD97-4DA5-B8A9-01B4B7A1A095}"
EndProject
Project("{9A19103F-16F7-4668-BE54-9A1E7A4F7556}") = "TaskF", "TaskF\TaskF.csproj", "{16BAC3E2-2A6B-4BBD-88C8-69DE302845BF}"
EndProject
Project("{9A19103F-16F7-4668-BE54-9A1E7A4F7556}") = "TaskG", "TaskG\TaskG.csproj", "{F5A421BD-8237-4C3D-BA86-8C7B88C0D340}"
EndProject
Project("{9A19103F-16F7-4668-BE54-9A1E7A4F7556}") = "TaskH", "TaskH\TaskH.csproj", "{AD3C9006-0F6E-431F-9525-C2A3A0E6FAD6}"
EndProject
Project("{9A19103F-16F7-4668-BE54-9A1E7A4F7556}") = "TaskI", "TaskI\TaskI.csproj", "{B95DD1EC-9C45-4E24-9DE2-20EA75576CBC}"
EndProject
Project("{9A19103F-16F7-4668-BE54-9A1E7A4F7556}") = "TaskJ", "TaskJ\TaskJ.csproj", "{34C71091-B69C-4A9E-82C7-419BADF0C733}"
EndProject
Project("{2150E333-8FDC-42A3-9474-1A3956D46DE8}") = "Solution Items", "Solution Items", "{EF111F13-70E3-4F40-9988-B413075DB5E2}"
	ProjectSection(SolutionItems) = preProject
		TaskG2\Boss.cs = TaskG2\Boss.cs
		TaskG2\Game.cs = TaskG2\Game.cs
		TaskG2\Hero.cs = TaskG2\Hero.cs
		TaskG2\Mob.cs = TaskG2\Mob.cs
		TaskG2\Monster.cs = TaskG2\Monster.cs
		TaskG2\Program.cs = TaskG2\Program.cs
		TaskG2\TaskG.csproj = TaskG2\TaskG.csproj
	EndProjectSection
EndProject
Global
	GlobalSection(SolutionConfigurationPlatforms) = preSolution
		Debug|Any CPU = Debug|Any CPU
		Release|Any CPU = Release|Any CPU
	EndGlobalSection
	GlobalSection(ProjectConfigurationPlatforms) = postSolution
		{A90A5B29-D3A6-476E-8055-87D7E24CB166}.Debug|Any CPU.ActiveCfg = Debug|Any CPU
		{A90A5B29-D3A6-476E-8055-87D7E24CB166}.Debug|Any CPU.Build.0 = Debug|Any CPU
		{A90A5B29-D3A6-476E-8055-87D7E24CB166}.Release|Any CPU.ActiveCfg = Release|Any CPU
		{A90A5B29-D3A6-476E-8055-87D7E24CB166}.Release|Any CPU.Build.0 = Release|Any CPU
		{08F89F27-2FBC-4733-BB52-E5F5E65B1F84}.Debug|Any CPU.ActiveCfg = Debug|Any CPU
		{08F89F27-2FBC-4733-BB52-E5F5E65B1F84}.Debug|Any CPU.Build.0 = Debug|Any CPU
		{08F89F27-2FBC-4733-BB52-E5F5E65B1F84}.Release|Any CPU.ActiveCfg = Release|Any CPU
		{08F89F27-2FBC-4733-BB52-E5F5E65B1F84}.Release|Any CPU.Build.0 = Release|Any CPU
		{043BEF00-531A-48DA-9BAD-0928B596D9AF}.Debug|Any CPU.ActiveCfg = Debug|Any CPU
		{043BEF00-531A-48DA-9BAD-0928B596D9AF}.Debug|Any CPU.Build.0 = Debug|Any CPU
		{043BEF00-531A-48DA-9BAD-0928B596D9AF}.Release|Any CPU.ActiveCfg = Release|Any CPU
		{043BEF00-531A-48DA-9BAD-0928B596D9AF}.Release|Any CPU.Build.0 = Release|Any CPU
		{11B0CDE1-0D58-42AF-966F-40E0E9B9FA92}.Debug|Any CPU.ActiveCfg = Debug|Any CPU
		{11B0CDE1-0D58-42AF-966F-40E0E9B9FA92}.Debug|Any CPU.Build.0 = Debug|Any CPU
		{11B0CDE1-0D58-42AF-966F-40E0E9B9FA92}.Release|Any CPU.ActiveCfg = Release|Any CPU
		{11B0CDE1-0D58-42AF-966F-40E0E9B9FA92}.Release|Any CPU.Build.0 = Release|Any CPU
		{9B24CC92-FD97-4DA5-B8A9-01B4B7A1A095}.Debug|Any CPU.ActiveCfg = Debug|Any CPU
		{9B24CC92-FD97-4DA5-B8A9-01B4B7A1A095}.Debug|Any CPU.Build.0 = Debug|Any CPU
		{9B24CC92-FD97-4DA5-B8A9-01B4B7A1A095}.Release|Any CPU.ActiveCfg = Release|Any CPU
		{9B24CC92-FD97-4DA5-B8A9-01B4B7A1A095}.Release|Any CPU.Build.0 = Release|Any CPU
		{16BAC3E2-2A6B-4BBD-88C8-69DE302845BF}.Debug|Any CPU.ActiveCfg = Debug|Any CPU
		{16BAC3E2-2A6B-4BBD-88C8-69DE302845BF}.Debug|Any CPU.Build.0 = Debug|Any CPU
		{16BAC3E2-2A6B-4BBD-88C8-69DE302845BF}.Release|Any CPU.ActiveCfg = Release|Any CPU
		{16BAC3E2-2A6B-4BBD-88C8-69DE302845BF}.Release|Any CPU.Build.0 = Release|Any CPU
		{F5A421BD-8237-4C3D-BA86-8C7B88C0D340}.Debug|Any CPU.ActiveCfg = Debug|Any CPU
		{F5A421BD-8237-4C3D-BA86-8C7B88C0D340}.Debug|Any CPU.Build.0 = Debug|Any CPU
		{F5A421BD-8237-4C3D-BA86-8C7B88C0D340}.Release|Any CPU.ActiveCfg = Release|Any CPU
		{F5A421BD-8237-4C3D-BA86-8C7B88C0D340}.Release|Any CPU.Build.0 = Release|Any CPU
		{AD3C9006-0F6E-431F-9525-C2A3A0E6FAD6}.Debug|Any CPU.ActiveCfg = Debug|Any CPU
		{AD3C9006-0F6E-431F-9525-C2A3A0E6FAD6}.Debug|Any CPU.Build.0 = Debug|Any CPU
		{AD3C9006-0F6E-431F-9525-C2A3A0E6FAD6}.Release|Any CPU.ActiveCfg = Release|Any CPU
		{AD3C9006-0F6E-431F-9525-C2A3A0E6FAD6}.Release|Any CPU.Build.0 = Release|Any CPU
		{B95DD1EC-9C45-4E24-9DE2-20EA75576CBC}.Debug|Any CPU.ActiveCfg = Debug|Any CPU
		{B95DD1EC-9C45-4E24-9DE2-20EA75576CBC}.Debug|Any CPU.Build.0 = Debug|Any CPU
		{B95DD1EC-9C45-4E24-9DE2-20EA75576CBC}.Release|Any CPU.ActiveCfg = Release|Any CPU
		{B95DD1EC-9C45-4E24-9DE2-20EA75576CBC}.Release|Any CPU.Build.0 = Release|Any CPU
		{34C71091-B69C-4A9E-82C7-419BADF0C733}.Debug|Any CPU.ActiveCfg = Debug|Any CPU
		{34C71091-B69C-4A9E-82C7-419BADF0C733}.Debug|Any CPU.Build.0 = Debug|Any CPU
		{34C71091-B69C-4A9E-82C7-419BADF0C733}.Release|Any CPU.ActiveCfg = Release|Any CPU
		{34C71091-B69C-4A9E-82C7-419BADF0C733}.Release|Any CPU.Build.0 = Release|Any CPU
	EndGlobalSection
	GlobalSection(SolutionProperties) = preSolution
		HideSolutionNode = FALSE
	EndGlobalSection
	GlobalSection(ExtensibilityGlobals) = postSolution
		SolutionGuid = {85B1EDCD-6037-44F1-A07A-C241B5FA2ADA}
	EndGlobalSection
EndGlobal
